
Microsoft Visual Studio Solution File, Format Version 12.00
Project("{2150E333-8FDC-42A3-9474-1A3956D46DE8}") = "Solution Items", "Solution Items", "{1E3E4A83-4750-4643-8B1F-1016AF7279D4}"
	ProjectSection(SolutionItems) = preProject
		global.json = global.json
		README.md = README.md
		src\docker-compose.yml = src\docker-compose.yml
	EndProjectSection
EndProject
Project("{2150E333-8FDC-42A3-9474-1A3956D46DE8}") = "src", "src", "{AA4FB02A-CF6A-4418-B672-214E5909EDBA}"
	ProjectSection(SolutionItems) = preProject
		src\docker-compose.override.yml = src\docker-compose.override.yml
	EndProjectSection
EndProject
Project("{2150E333-8FDC-42A3-9474-1A3956D46DE8}") = "tests", "tests", "{46884EC0-8F62-4279-AEB0-F23410BB5E3A}"
EndProject
Project("{2150E333-8FDC-42A3-9474-1A3956D46DE8}") = "ApiGateways", "ApiGateways", "{F6EBDC70-3A97-4942-AE53-4A1EF3FE1CF7}"
EndProject
Project("{2150E333-8FDC-42A3-9474-1A3956D46DE8}") = "BuildingBlocks", "BuildingBlocks", "{F0ACFB83-357B-4BBE-B36F-EB3039C0F445}"
EndProject
Project("{2150E333-8FDC-42A3-9474-1A3956D46DE8}") = "Services", "Services", "{307D16AF-60EB-469A-A82B-D08CD677BBB9}"
EndProject
Project("{2150E333-8FDC-42A3-9474-1A3956D46DE8}") = "WebApps", "WebApps", "{CB0F3757-438B-4B2A-808D-6F2BBCCFF12C}"
EndProject
Project("{FAE04EC0-301F-11D3-BF4B-00C04F79EFBC}") = "Common.Logging", "src\BuildingBlocks\Common.Logging\Common.Logging.csproj", "{1F16433C-7E02-41D8-99B6-1D58CE335BFA}"
EndProject
Project("{FAE04EC0-301F-11D3-BF4B-00C04F79EFBC}") = "EventBus.Messages", "src\BuildingBlocks\EventBus.Messages\EventBus.Messages.csproj", "{D999B8F8-3CEC-4141-B4E0-50B9CD49B678}"
EndProject
Project("{2150E333-8FDC-42A3-9474-1A3956D46DE8}") = "Product", "Product", "{40FA82C0-43D9-4E64-9F73-C950004BECC0}"
EndProject
Project("{2150E333-8FDC-42A3-9474-1A3956D46DE8}") = "Customer", "Customer", "{D0989334-67F6-4D37-99AA-C99A33988489}"
EndProject
Project("{2150E333-8FDC-42A3-9474-1A3956D46DE8}") = "Basket", "Basket", "{3AC1D1A7-2CD3-4F28-8913-41FD87A5CA1D}"
EndProject
Project("{2150E333-8FDC-42A3-9474-1A3956D46DE8}") = "Inventory", "Inventory", "{C00D7B9E-DC42-4AB0-B3D2-D77F2A2E2C3F}"
EndProject
Project("{2150E333-8FDC-42A3-9474-1A3956D46DE8}") = "Ordering", "Ordering", "{6E9FF737-B2C4-47B1-94D8-3C69F86E5500}"
EndProject
Project("{2150E333-8FDC-42A3-9474-1A3956D46DE8}") = "ScheduledJob", "ScheduledJob", "{C410E47D-C6F7-4325-9C89-7D0800162513}"
EndProject
Project("{FAE04EC0-301F-11D3-BF4B-00C04F79EFBC}") = "WebHealthStatus", "src\WebApps\WebHealthStatus\WebHealthStatus.csproj", "{FF2F7F5D-D007-4937-A616-3A6246ED8305}"
EndProject
Project("{FAE04EC0-301F-11D3-BF4B-00C04F79EFBC}") = "Basket.API", "src\Services\Basket.API\Basket.API.csproj", "{4AA9A035-8710-475A-9A89-E9B9EA34DBC2}"
EndProject
Project("{FAE04EC0-301F-11D3-BF4B-00C04F79EFBC}") = "Customer.API", "src\Services\Customer.API\Customer.API.csproj", "{F30B0CAD-9C44-498C-9061-9CC64EBE9D1A}"
EndProject
Project("{FAE04EC0-301F-11D3-BF4B-00C04F79EFBC}") = "Inventory.Product.API", "src\Services\Inventory.Product.API\Inventory.Product.API.csproj", "{611F633D-DA9B-4DF4-89E7-9BFD79FD0C48}"
EndProject
Project("{FAE04EC0-301F-11D3-BF4B-00C04F79EFBC}") = "Ordering.API", "src\Services\Ordering.API\Ordering.API.csproj", "{53126669-2D6B-4C9C-9CE9-EC9E52591BAE}"
EndProject
Project("{FAE04EC0-301F-11D3-BF4B-00C04F79EFBC}") = "Product.API", "src\Services\Product.API\Product.API.csproj", "{3B426EE3-C4E7-472C-8759-B4AFC63FF3F2}"
EndProject
Project("{FAE04EC0-301F-11D3-BF4B-00C04F79EFBC}") = "HangFire.API", "src\Services\HangFire.API\HangFire.API.csproj", "{AE7761C9-22D8-4FFA-B59A-46A1C747E9B0}"
EndProject
Project("{FAE04EC0-301F-11D3-BF4B-00C04F79EFBC}") = "Contracts", "src\BuildingBlocks\Contracts\Contracts.csproj", "{89A676A8-7486-4A7C-AECC-AB3B49CEBC1C}"
EndProject
Project("{FAE04EC0-301F-11D3-BF4B-00C04F79EFBC}") = "Infrastructure", "src\BuildingBlocks\Infrastructure\Infrastructure.csproj", "{8CF6A210-AF59-4F7E-B437-CB01B3BAB198}"
EndProject
Project("{FAE04EC0-301F-11D3-BF4B-00C04F79EFBC}") = "Shared", "src\BuildingBlocks\Shared\Shared.csproj", "{50D5E05C-D69D-492F-9BED-71BD632F0F56}"
EndProject
Project("{FAE04EC0-301F-11D3-BF4B-00C04F79EFBC}") = "OcelotApiGw", "src\ApiGateways\OcelotApiGw\OcelotApiGw.csproj", "{9558921D-1070-4957-9A02-3C46E719B435}"
EndProject
Global
	GlobalSection(SolutionConfigurationPlatforms) = preSolution
		Debug|Any CPU = Debug|Any CPU
		Release|Any CPU = Release|Any CPU
	EndGlobalSection
	GlobalSection(NestedProjects) = preSolution
		{F6EBDC70-3A97-4942-AE53-4A1EF3FE1CF7} = {AA4FB02A-CF6A-4418-B672-214E5909EDBA}
		{F0ACFB83-357B-4BBE-B36F-EB3039C0F445} = {AA4FB02A-CF6A-4418-B672-214E5909EDBA}
		{307D16AF-60EB-469A-A82B-D08CD677BBB9} = {AA4FB02A-CF6A-4418-B672-214E5909EDBA}
		{CB0F3757-438B-4B2A-808D-6F2BBCCFF12C} = {AA4FB02A-CF6A-4418-B672-214E5909EDBA}
		{1F16433C-7E02-41D8-99B6-1D58CE335BFA} = {F0ACFB83-357B-4BBE-B36F-EB3039C0F445}
		{D999B8F8-3CEC-4141-B4E0-50B9CD49B678} = {F0ACFB83-357B-4BBE-B36F-EB3039C0F445}
		{40FA82C0-43D9-4E64-9F73-C950004BECC0} = {307D16AF-60EB-469A-A82B-D08CD677BBB9}
		{D0989334-67F6-4D37-99AA-C99A33988489} = {307D16AF-60EB-469A-A82B-D08CD677BBB9}
		{3AC1D1A7-2CD3-4F28-8913-41FD87A5CA1D} = {307D16AF-60EB-469A-A82B-D08CD677BBB9}
		{C00D7B9E-DC42-4AB0-B3D2-D77F2A2E2C3F} = {307D16AF-60EB-469A-A82B-D08CD677BBB9}
		{6E9FF737-B2C4-47B1-94D8-3C69F86E5500} = {307D16AF-60EB-469A-A82B-D08CD677BBB9}
		{C410E47D-C6F7-4325-9C89-7D0800162513} = {307D16AF-60EB-469A-A82B-D08CD677BBB9}
		{FF2F7F5D-D007-4937-A616-3A6246ED8305} = {CB0F3757-438B-4B2A-808D-6F2BBCCFF12C}
		{4AA9A035-8710-475A-9A89-E9B9EA34DBC2} = {3AC1D1A7-2CD3-4F28-8913-41FD87A5CA1D}
		{F30B0CAD-9C44-498C-9061-9CC64EBE9D1A} = {D0989334-67F6-4D37-99AA-C99A33988489}
		{611F633D-DA9B-4DF4-89E7-9BFD79FD0C48} = {C00D7B9E-DC42-4AB0-B3D2-D77F2A2E2C3F}
		{53126669-2D6B-4C9C-9CE9-EC9E52591BAE} = {6E9FF737-B2C4-47B1-94D8-3C69F86E5500}
		{3B426EE3-C4E7-472C-8759-B4AFC63FF3F2} = {40FA82C0-43D9-4E64-9F73-C950004BECC0}
		{AE7761C9-22D8-4FFA-B59A-46A1C747E9B0} = {C410E47D-C6F7-4325-9C89-7D0800162513}
		{89A676A8-7486-4A7C-AECC-AB3B49CEBC1C} = {F0ACFB83-357B-4BBE-B36F-EB3039C0F445}
		{8CF6A210-AF59-4F7E-B437-CB01B3BAB198} = {F0ACFB83-357B-4BBE-B36F-EB3039C0F445}
		{50D5E05C-D69D-492F-9BED-71BD632F0F56} = {F0ACFB83-357B-4BBE-B36F-EB3039C0F445}
		{9558921D-1070-4957-9A02-3C46E719B435} = {F6EBDC70-3A97-4942-AE53-4A1EF3FE1CF7}
	EndGlobalSection
	GlobalSection(ProjectConfigurationPlatforms) = postSolution
		{1F16433C-7E02-41D8-99B6-1D58CE335BFA}.Debug|Any CPU.ActiveCfg = Debug|Any CPU
		{1F16433C-7E02-41D8-99B6-1D58CE335BFA}.Debug|Any CPU.Build.0 = Debug|Any CPU
		{1F16433C-7E02-41D8-99B6-1D58CE335BFA}.Release|Any CPU.ActiveCfg = Release|Any CPU
		{1F16433C-7E02-41D8-99B6-1D58CE335BFA}.Release|Any CPU.Build.0 = Release|Any CPU
		{D999B8F8-3CEC-4141-B4E0-50B9CD49B678}.Debug|Any CPU.ActiveCfg = Debug|Any CPU
		{D999B8F8-3CEC-4141-B4E0-50B9CD49B678}.Debug|Any CPU.Build.0 = Debug|Any CPU
		{D999B8F8-3CEC-4141-B4E0-50B9CD49B678}.Release|Any CPU.ActiveCfg = Release|Any CPU
		{D999B8F8-3CEC-4141-B4E0-50B9CD49B678}.Release|Any CPU.Build.0 = Release|Any CPU
		{FF2F7F5D-D007-4937-A616-3A6246ED8305}.Debug|Any CPU.ActiveCfg = Debug|Any CPU
		{FF2F7F5D-D007-4937-A616-3A6246ED8305}.Debug|Any CPU.Build.0 = Debug|Any CPU
		{FF2F7F5D-D007-4937-A616-3A6246ED8305}.Release|Any CPU.ActiveCfg = Release|Any CPU
		{FF2F7F5D-D007-4937-A616-3A6246ED8305}.Release|Any CPU.Build.0 = Release|Any CPU
		{4AA9A035-8710-475A-9A89-E9B9EA34DBC2}.Debug|Any CPU.ActiveCfg = Debug|Any CPU
		{4AA9A035-8710-475A-9A89-E9B9EA34DBC2}.Debug|Any CPU.Build.0 = Debug|Any CPU
		{4AA9A035-8710-475A-9A89-E9B9EA34DBC2}.Release|Any CPU.ActiveCfg = Release|Any CPU
		{4AA9A035-8710-475A-9A89-E9B9EA34DBC2}.Release|Any CPU.Build.0 = Release|Any CPU
		{F30B0CAD-9C44-498C-9061-9CC64EBE9D1A}.Debug|Any CPU.ActiveCfg = Debug|Any CPU
		{F30B0CAD-9C44-498C-9061-9CC64EBE9D1A}.Debug|Any CPU.Build.0 = Debug|Any CPU
		{F30B0CAD-9C44-498C-9061-9CC64EBE9D1A}.Release|Any CPU.ActiveCfg = Release|Any CPU
		{F30B0CAD-9C44-498C-9061-9CC64EBE9D1A}.Release|Any CPU.Build.0 = Release|Any CPU
		{611F633D-DA9B-4DF4-89E7-9BFD79FD0C48}.Debug|Any CPU.ActiveCfg = Debug|Any CPU
		{611F633D-DA9B-4DF4-89E7-9BFD79FD0C48}.Debug|Any CPU.Build.0 = Debug|Any CPU
		{611F633D-DA9B-4DF4-89E7-9BFD79FD0C48}.Release|Any CPU.ActiveCfg = Release|Any CPU
		{611F633D-DA9B-4DF4-89E7-9BFD79FD0C48}.Release|Any CPU.Build.0 = Release|Any CPU
		{53126669-2D6B-4C9C-9CE9-EC9E52591BAE}.Debug|Any CPU.ActiveCfg = Debug|Any CPU
		{53126669-2D6B-4C9C-9CE9-EC9E52591BAE}.Debug|Any CPU.Build.0 = Debug|Any CPU
		{53126669-2D6B-4C9C-9CE9-EC9E52591BAE}.Release|Any CPU.ActiveCfg = Release|Any CPU
		{53126669-2D6B-4C9C-9CE9-EC9E52591BAE}.Release|Any CPU.Build.0 = Release|Any CPU
		{3B426EE3-C4E7-472C-8759-B4AFC63FF3F2}.Debug|Any CPU.ActiveCfg = Debug|Any CPU
		{3B426EE3-C4E7-472C-8759-B4AFC63FF3F2}.Debug|Any CPU.Build.0 = Debug|Any CPU
		{3B426EE3-C4E7-472C-8759-B4AFC63FF3F2}.Release|Any CPU.ActiveCfg = Release|Any CPU
		{3B426EE3-C4E7-472C-8759-B4AFC63FF3F2}.Release|Any CPU.Build.0 = Release|Any CPU
		{AE7761C9-22D8-4FFA-B59A-46A1C747E9B0}.Debug|Any CPU.ActiveCfg = Debug|Any CPU
		{AE7761C9-22D8-4FFA-B59A-46A1C747E9B0}.Debug|Any CPU.Build.0 = Debug|Any CPU
		{AE7761C9-22D8-4FFA-B59A-46A1C747E9B0}.Release|Any CPU.ActiveCfg = Release|Any CPU
		{AE7761C9-22D8-4FFA-B59A-46A1C747E9B0}.Release|Any CPU.Build.0 = Release|Any CPU
		{89A676A8-7486-4A7C-AECC-AB3B49CEBC1C}.Debug|Any CPU.ActiveCfg = Debug|Any CPU
		{89A676A8-7486-4A7C-AECC-AB3B49CEBC1C}.Debug|Any CPU.Build.0 = Debug|Any CPU
		{89A676A8-7486-4A7C-AECC-AB3B49CEBC1C}.Release|Any CPU.ActiveCfg = Release|Any CPU
		{89A676A8-7486-4A7C-AECC-AB3B49CEBC1C}.Release|Any CPU.Build.0 = Release|Any CPU
		{8CF6A210-AF59-4F7E-B437-CB01B3BAB198}.Debug|Any CPU.ActiveCfg = Debug|Any CPU
		{8CF6A210-AF59-4F7E-B437-CB01B3BAB198}.Debug|Any CPU.Build.0 = Debug|Any CPU
		{8CF6A210-AF59-4F7E-B437-CB01B3BAB198}.Release|Any CPU.ActiveCfg = Release|Any CPU
		{8CF6A210-AF59-4F7E-B437-CB01B3BAB198}.Release|Any CPU.Build.0 = Release|Any CPU
		{50D5E05C-D69D-492F-9BED-71BD632F0F56}.Debug|Any CPU.ActiveCfg = Debug|Any CPU
		{50D5E05C-D69D-492F-9BED-71BD632F0F56}.Debug|Any CPU.Build.0 = Debug|Any CPU
		{50D5E05C-D69D-492F-9BED-71BD632F0F56}.Release|Any CPU.ActiveCfg = Release|Any CPU
		{50D5E05C-D69D-492F-9BED-71BD632F0F56}.Release|Any CPU.Build.0 = Release|Any CPU
		{9558921D-1070-4957-9A02-3C46E719B435}.Debug|Any CPU.ActiveCfg = Debug|Any CPU
		{9558921D-1070-4957-9A02-3C46E719B435}.Debug|Any CPU.Build.0 = Debug|Any CPU
		{9558921D-1070-4957-9A02-3C46E719B435}.Release|Any CPU.ActiveCfg = Release|Any CPU
		{9558921D-1070-4957-9A02-3C46E719B435}.Release|Any CPU.Build.0 = Release|Any CPU
	EndGlobalSection
EndGlobal
